
Microsoft Visual Studio Solution File, Format Version 12.00
# Visual Studio Version 17
VisualStudioVersion = 17.6.33723.286
MinimumVisualStudioVersion = 10.0.40219.1
Project("{FAE04EC0-301F-11D3-BF4B-00C04F79EFBC}") = "ListaFuncionario", "ListaFuncionario\ListaFuncionario.csproj", "{C0819565-4F91-46E5-BC84-1CE80146279A}"
EndProject
Global
	GlobalSection(SolutionConfigurationPlatforms) = preSolution
		Debug|Any CPU = Debug|Any CPU
		Release|Any CPU = Release|Any CPU
	EndGlobalSection
	GlobalSection(ProjectConfigurationPlatforms) = postSolution
		{C0819565-4F91-46E5-BC84-1CE80146279A}.Debug|Any CPU.ActiveCfg = Debug|Any CPU
		{C0819565-4F91-46E5-BC84-1CE80146279A}.Debug|Any CPU.Build.0 = Debug|Any CPU
		{C0819565-4F91-46E5-BC84-1CE80146279A}.Release|Any CPU.ActiveCfg = Release|Any CPU
		{C0819565-4F91-46E5-BC84-1CE80146279A}.Release|Any CPU.Build.0 = Release|Any CPU
	EndGlobalSection
	GlobalSection(SolutionProperties) = preSolution
		HideSolutionNode = FALSE
	EndGlobalSection
	GlobalSection(ExtensibilityGlobals) = postSolution
		SolutionGuid = {29DC461F-181D-4266-BE58-4FF4650BC9A5}
	EndGlobalSection
EndGlobal
